// !$*UTF8*$!
{
	archiveVersion = 1;
	classes = {
	};
	objectVersion = 56;
	objects = {

/* Begin PBXBuildFile section */
		540E530729AE003F008EF139 /* NetworkManager.swift in Sources */ = {isa = PBXBuildFile; fileRef = 540E530429AE003F008EF139 /* NetworkManager.swift */; };
		540E530829AE003F008EF139 /* APIService.swift in Sources */ = {isa = PBXBuildFile; fileRef = 540E530529AE003F008EF139 /* APIService.swift */; };
		540E530929AE003F008EF139 /* JSONDecoderManager.swift in Sources */ = {isa = PBXBuildFile; fileRef = 540E530629AE003F008EF139 /* JSONDecoderManager.swift */; };
		540E530B29AE0891008EF139 /* CoinManager.swift in Sources */ = {isa = PBXBuildFile; fileRef = 540E530A29AE0891008EF139 /* CoinManager.swift */; };
		542C33BF299FAA4500A3A851 /* AppDelegate.swift in Sources */ = {isa = PBXBuildFile; fileRef = 542C33BE299FAA4500A3A851 /* AppDelegate.swift */; };
		542C33C1299FAA4500A3A851 /* SceneDelegate.swift in Sources */ = {isa = PBXBuildFile; fileRef = 542C33C0299FAA4500A3A851 /* SceneDelegate.swift */; };
		542C33C3299FAA4500A3A851 /* MainViewController.swift in Sources */ = {isa = PBXBuildFile; fileRef = 542C33C2299FAA4500A3A851 /* MainViewController.swift */; };
		542C33C8299FAA4700A3A851 /* Assets.xcassets in Resources */ = {isa = PBXBuildFile; fileRef = 542C33C7299FAA4700A3A851 /* Assets.xcassets */; };
		542C33CB299FAA4700A3A851 /* LaunchScreen.storyboard in Resources */ = {isa = PBXBuildFile; fileRef = 542C33C9299FAA4700A3A851 /* LaunchScreen.storyboard */; };
		542C33DA299FBD2800A3A851 /* CoinData.swift in Sources */ = {isa = PBXBuildFile; fileRef = 542C33D9299FBD2800A3A851 /* CoinData.swift */; };
		542C33DC299FC63300A3A851 /* CoinModel.swift in Sources */ = {isa = PBXBuildFile; fileRef = 542C33DB299FC63300A3A851 /* CoinModel.swift */; };
/* End PBXBuildFile section */

/* Begin PBXFileReference section */
		540E530429AE003F008EF139 /* NetworkManager.swift */ = {isa = PBXFileReference; fileEncoding = 4; lastKnownFileType = sourcecode.swift; path = NetworkManager.swift; sourceTree = "<group>"; };
		540E530529AE003F008EF139 /* APIService.swift */ = {isa = PBXFileReference; fileEncoding = 4; lastKnownFileType = sourcecode.swift; path = APIService.swift; sourceTree = "<group>"; };
		540E530629AE003F008EF139 /* JSONDecoderManager.swift */ = {isa = PBXFileReference; fileEncoding = 4; lastKnownFileType = sourcecode.swift; path = JSONDecoderManager.swift; sourceTree = "<group>"; };
		540E530A29AE0891008EF139 /* CoinManager.swift */ = {isa = PBXFileReference; fileEncoding = 4; lastKnownFileType = sourcecode.swift; path = CoinManager.swift; sourceTree = "<group>"; };
		542C33BB299FAA4500A3A851 /* ByteCoin.app */ = {isa = PBXFileReference; explicitFileType = wrapper.application; includeInIndex = 0; path = ByteCoin.app; sourceTree = BUILT_PRODUCTS_DIR; };
		542C33BE299FAA4500A3A851 /* AppDelegate.swift */ = {isa = PBXFileReference; lastKnownFileType = sourcecode.swift; path = AppDelegate.swift; sourceTree = "<group>"; };
		542C33C0299FAA4500A3A851 /* SceneDelegate.swift */ = {isa = PBXFileReference; lastKnownFileType = sourcecode.swift; path = SceneDelegate.swift; sourceTree = "<group>"; };
		542C33C2299FAA4500A3A851 /* MainViewController.swift */ = {isa = PBXFileReference; lastKnownFileType = sourcecode.swift; path = MainViewController.swift; sourceTree = "<group>"; };
		542C33C7299FAA4700A3A851 /* Assets.xcassets */ = {isa = PBXFileReference; lastKnownFileType = folder.assetcatalog; path = Assets.xcassets; sourceTree = "<group>"; };
		542C33CA299FAA4700A3A851 /* Base */ = {isa = PBXFileReference; lastKnownFileType = file.storyboard; name = Base; path = Base.lproj/LaunchScreen.storyboard; sourceTree = "<group>"; };
		542C33CC299FAA4700A3A851 /* Info.plist */ = {isa = PBXFileReference; lastKnownFileType = text.plist.xml; path = Info.plist; sourceTree = "<group>"; };
		542C33D9299FBD2800A3A851 /* CoinData.swift */ = {isa = PBXFileReference; lastKnownFileType = sourcecode.swift; path = CoinData.swift; sourceTree = "<group>"; };
		542C33DB299FC63300A3A851 /* CoinModel.swift */ = {isa = PBXFileReference; lastKnownFileType = sourcecode.swift; path = CoinModel.swift; sourceTree = "<group>"; };
/* End PBXFileReference section */

/* Begin PBXFrameworksBuildPhase section */
		542C33B8299FAA4500A3A851 /* Frameworks */ = {
			isa = PBXFrameworksBuildPhase;
			buildActionMask = 2147483647;
			files = (
			);
			runOnlyForDeploymentPostprocessing = 0;
		};
/* End PBXFrameworksBuildPhase section */

/* Begin PBXGroup section */
		542C33B2299FAA4500A3A851 = {
			isa = PBXGroup;
			children = (
				542C33BD299FAA4500A3A851 /* ByteCoin */,
				542C33BC299FAA4500A3A851 /* Products */,
			);
			sourceTree = "<group>";
		};
		542C33BC299FAA4500A3A851 /* Products */ = {
			isa = PBXGroup;
			children = (
				542C33BB299FAA4500A3A851 /* ByteCoin.app */,
			);
			name = Products;
			sourceTree = "<group>";
		};
		542C33BD299FAA4500A3A851 /* ByteCoin */ = {
			isa = PBXGroup;
			children = (
				542C33C2299FAA4500A3A851 /* MainViewController.swift */,
				542C33D8299FBD1900A3A851 /* Models */,
				542C33D3299FB01100A3A851 /* Managers */,
				542C33D2299FAD6000A3A851 /* Applications */,
			);
			path = ByteCoin;
			sourceTree = "<group>";
		};
		542C33D2299FAD6000A3A851 /* Applications */ = {
			isa = PBXGroup;
			children = (
				542C33BE299FAA4500A3A851 /* AppDelegate.swift */,
				542C33C0299FAA4500A3A851 /* SceneDelegate.swift */,
				542C33C7299FAA4700A3A851 /* Assets.xcassets */,
				542C33C9299FAA4700A3A851 /* LaunchScreen.storyboard */,
				542C33CC299FAA4700A3A851 /* Info.plist */,
			);
			path = Applications;
			sourceTree = "<group>";
		};
		542C33D3299FB01100A3A851 /* Managers */ = {
			isa = PBXGroup;
			children = (
				540E530529AE003F008EF139 /* APIService.swift */,
				540E530629AE003F008EF139 /* JSONDecoderManager.swift */,
				540E530429AE003F008EF139 /* NetworkManager.swift */,
			);
			path = Managers;
			sourceTree = "<group>";
		};
		542C33D8299FBD1900A3A851 /* Models */ = {
			isa = PBXGroup;
			children = (
				542C33D9299FBD2800A3A851 /* CoinData.swift */,
				542C33DB299FC63300A3A851 /* CoinModel.swift */,
				540E530A29AE0891008EF139 /* CoinManager.swift */,
			);
			path = Models;
			sourceTree = "<group>";
		};
/* End PBXGroup section */

/* Begin PBXNativeTarget section */
		542C33BA299FAA4500A3A851 /* ByteCoin */ = {
			isa = PBXNativeTarget;
			buildConfigurationList = 542C33CF299FAA4700A3A851 /* Build configuration list for PBXNativeTarget "ByteCoin" */;
			buildPhases = (
				542C33B7299FAA4500A3A851 /* Sources */,
				542C33B8299FAA4500A3A851 /* Frameworks */,
				542C33B9299FAA4500A3A851 /* Resources */,
			);
			buildRules = (
			);
			dependencies = (
			);
			name = ByteCoin;
			productName = ByteCoin;
			productReference = 542C33BB299FAA4500A3A851 /* ByteCoin.app */;
			productType = "com.apple.product-type.application";
		};
/* End PBXNativeTarget section */

/* Begin PBXProject section */
		542C33B3299FAA4500A3A851 /* Project object */ = {
			isa = PBXProject;
			attributes = {
				BuildIndependentTargetsInParallel = 1;
				LastSwiftUpdateCheck = 1410;
				LastUpgradeCheck = 1410;
				TargetAttributes = {
					542C33BA299FAA4500A3A851 = {
						CreatedOnToolsVersion = 14.1;
					};
				};
			};
			buildConfigurationList = 542C33B6299FAA4500A3A851 /* Build configuration list for PBXProject "ByteCoin" */;
			compatibilityVersion = "Xcode 14.0";
			developmentRegion = en;
			hasScannedForEncodings = 0;
			knownRegions = (
				en,
				Base,
			);
			mainGroup = 542C33B2299FAA4500A3A851;
			productRefGroup = 542C33BC299FAA4500A3A851 /* Products */;
			projectDirPath = "";
			projectRoot = "";
			targets = (
				542C33BA299FAA4500A3A851 /* ByteCoin */,
			);
		};
/* End PBXProject section */

/* Begin PBXResourcesBuildPhase section */
		542C33B9299FAA4500A3A851 /* Resources */ = {
			isa = PBXResourcesBuildPhase;
			buildActionMask = 2147483647;
			files = (
				542C33CB299FAA4700A3A851 /* LaunchScreen.storyboard in Resources */,
				542C33C8299FAA4700A3A851 /* Assets.xcassets in Resources */,
			);
			runOnlyForDeploymentPostprocessing = 0;
		};
/* End PBXResourcesBuildPhase section */

/* Begin PBXSourcesBuildPhase section */
		542C33B7299FAA4500A3A851 /* Sources */ = {
			isa = PBXSourcesBuildPhase;
			buildActionMask = 2147483647;
			files = (
				542C33DA299FBD2800A3A851 /* CoinData.swift in Sources */,
				542C33C3299FAA4500A3A851 /* MainViewController.swift in Sources */,
				540E530729AE003F008EF139 /* NetworkManager.swift in Sources */,
				542C33BF299FAA4500A3A851 /* AppDelegate.swift in Sources */,
				540E530929AE003F008EF139 /* JSONDecoderManager.swift in Sources */,
				542C33DC299FC63300A3A851 /* CoinModel.swift in Sources */,
				540E530829AE003F008EF139 /* APIService.swift in Sources */,
				542C33C1299FAA4500A3A851 /* SceneDelegate.swift in Sources */,
				540E530B29AE0891008EF139 /* CoinManager.swift in Sources */,
			);
			runOnlyForDeploymentPostprocessing = 0;
		};
/* End PBXSourcesBuildPhase section */

/* Begin PBXVariantGroup section */
		542C33C9299FAA4700A3A851 /* LaunchScreen.storyboard */ = {
			isa = PBXVariantGroup;
			children = (
				542C33CA299FAA4700A3A851 /* Base */,
			);
			name = LaunchScreen.storyboard;
			sourceTree = "<group>";
		};
/* End PBXVariantGroup section */

/* Begin XCBuildConfiguration section */
		542C33CD299FAA4700A3A851 /* Debug */ = {
			isa = XCBuildConfiguration;
			buildSettings = {
				ALWAYS_SEARCH_USER_PATHS = NO;
				CLANG_ANALYZER_NONNULL = YES;
				CLANG_ANALYZER_NUMBER_OBJECT_CONVERSION = YES_AGGRESSIVE;
				CLANG_CXX_LANGUAGE_STANDARD = "gnu++20";
				CLANG_ENABLE_MODULES = YES;
				CLANG_ENABLE_OBJC_ARC = YES;
				CLANG_ENABLE_OBJC_WEAK = YES;
				CLANG_WARN_BLOCK_CAPTURE_AUTORELEASING = YES;
				CLANG_WARN_BOOL_CONVERSION = YES;
				CLANG_WARN_COMMA = YES;
				CLANG_WARN_CONSTANT_CONVERSION = YES;
				CLANG_WARN_DEPRECATED_OBJC_IMPLEMENTATIONS = YES;
				CLANG_WARN_DIRECT_OBJC_ISA_USAGE = YES_ERROR;
				CLANG_WARN_DOCUMENTATION_COMMENTS = YES;
				CLANG_WARN_EMPTY_BODY = YES;
				CLANG_WARN_ENUM_CONVERSION = YES;
				CLANG_WARN_INFINITE_RECURSION = YES;
				CLANG_WARN_INT_CONVERSION = YES;
				CLANG_WARN_NON_LITERAL_NULL_CONVERSION = YES;
				CLANG_WARN_OBJC_IMPLICIT_RETAIN_SELF = YES;
				CLANG_WARN_OBJC_LITERAL_CONVERSION = YES;
				CLANG_WARN_OBJC_ROOT_CLASS = YES_ERROR;
				CLANG_WARN_QUOTED_INCLUDE_IN_FRAMEWORK_HEADER = YES;
				CLANG_WARN_RANGE_LOOP_ANALYSIS = YES;
				CLANG_WARN_STRICT_PROTOTYPES = YES;
				CLANG_WARN_SUSPICIOUS_MOVE = YES;
				CLANG_WARN_UNGUARDED_AVAILABILITY = YES_AGGRESSIVE;
				CLANG_WARN_UNREACHABLE_CODE = YES;
				CLANG_WARN__DUPLICATE_METHOD_MATCH = YES;
				COPY_PHASE_STRIP = NO;
				DEBUG_INFORMATION_FORMAT = dwarf;
				ENABLE_STRICT_OBJC_MSGSEND = YES;
				ENABLE_TESTABILITY = YES;
				GCC_C_LANGUAGE_STANDARD = gnu11;
				GCC_DYNAMIC_NO_PIC = NO;
				GCC_NO_COMMON_BLOCKS = YES;
				GCC_OPTIMIZATION_LEVEL = 0;
				GCC_PREPROCESSOR_DEFINITIONS = (
					"DEBUG=1",
					"$(inherited)",
				);
				GCC_WARN_64_TO_32_BIT_CONVERSION = YES;
				GCC_WARN_ABOUT_RETURN_TYPE = YES_ERROR;
				GCC_WARN_UNDECLARED_SELECTOR = YES;
				GCC_WARN_UNINITIALIZED_AUTOS = YES_AGGRESSIVE;
				GCC_WARN_UNUSED_FUNCTION = YES;
				GCC_WARN_UNUSED_VARIABLE = YES;
				IPHONEOS_DEPLOYMENT_TARGET = 16.1;
				MTL_ENABLE_DEBUG_INFO = INCLUDE_SOURCE;
				MTL_FAST_MATH = YES;
				ONLY_ACTIVE_ARCH = YES;
				SDKROOT = iphoneos;
				SWIFT_ACTIVE_COMPILATION_CONDITIONS = DEBUG;
				SWIFT_OPTIMIZATION_LEVEL = "-Onone";
			};
			name = Debug;
		};
		542C33CE299FAA4700A3A851 /* Release */ = {
			isa = XCBuildConfiguration;
			buildSettings = {
				ALWAYS_SEARCH_USER_PATHS = NO;
				CLANG_ANALYZER_NONNULL = YES;
				CLANG_ANALYZER_NUMBER_OBJECT_CONVERSION = YES_AGGRESSIVE;
				CLANG_CXX_LANGUAGE_STANDARD = "gnu++20";
				CLANG_ENABLE_MODULES = YES;
				CLANG_ENABLE_OBJC_ARC = YES;
				CLANG_ENABLE_OBJC_WEAK = YES;
				CLANG_WARN_BLOCK_CAPTURE_AUTORELEASING = YES;
				CLANG_WARN_BOOL_CONVERSION = YES;
				CLANG_WARN_COMMA = YES;
				CLANG_WARN_CONSTANT_CONVERSION = YES;
				CLANG_WARN_DEPRECATED_OBJC_IMPLEMENTATIONS = YES;
				CLANG_WARN_DIRECT_OBJC_ISA_USAGE = YES_ERROR;
				CLANG_WARN_DOCUMENTATION_COMMENTS = YES;
				CLANG_WARN_EMPTY_BODY = YES;
				CLANG_WARN_ENUM_CONVERSION = YES;
				CLANG_WARN_INFINITE_RECURSION = YES;
				CLANG_WARN_INT_CONVERSION = YES;
				CLANG_WARN_NON_LITERAL_NULL_CONVERSION = YES;
				CLANG_WARN_OBJC_IMPLICIT_RETAIN_SELF = YES;
				CLANG_WARN_OBJC_LITERAL_CONVERSION = YES;
				CLANG_WARN_OBJC_ROOT_CLASS = YES_ERROR;
				CLANG_WARN_QUOTED_INCLUDE_IN_FRAMEWORK_HEADER = YES;
				CLANG_WARN_RANGE_LOOP_ANALYSIS = YES;
				CLANG_WARN_STRICT_PROTOTYPES = YES;
				CLANG_WARN_SUSPICIOUS_MOVE = YES;
				CLANG_WARN_UNGUARDED_AVAILABILITY = YES_AGGRESSIVE;
				CLANG_WARN_UNREACHABLE_CODE = YES;
				CLANG_WARN__DUPLICATE_METHOD_MATCH = YES;
				COPY_PHASE_STRIP = NO;
				DEBUG_INFORMATION_FORMAT = "dwarf-with-dsym";
				ENABLE_NS_ASSERTIONS = NO;
				ENABLE_STRICT_OBJC_MSGSEND = YES;
				GCC_C_LANGUAGE_STANDARD = gnu11;
				GCC_NO_COMMON_BLOCKS = YES;
				GCC_WARN_64_TO_32_BIT_CONVERSION = YES;
				GCC_WARN_ABOUT_RETURN_TYPE = YES_ERROR;
				GCC_WARN_UNDECLARED_SELECTOR = YES;
				GCC_WARN_UNINITIALIZED_AUTOS = YES_AGGRESSIVE;
				GCC_WARN_UNUSED_FUNCTION = YES;
				GCC_WARN_UNUSED_VARIABLE = YES;
				IPHONEOS_DEPLOYMENT_TARGET = 16.1;
				MTL_ENABLE_DEBUG_INFO = NO;
				MTL_FAST_MATH = YES;
				SDKROOT = iphoneos;
				SWIFT_COMPILATION_MODE = wholemodule;
				SWIFT_OPTIMIZATION_LEVEL = "-O";
				VALIDATE_PRODUCT = YES;
			};
			name = Release;
		};
		542C33D0299FAA4700A3A851 /* Debug */ = {
			isa = XCBuildConfiguration;
			buildSettings = {
				ASSETCATALOG_COMPILER_APPICON_NAME = AppIcon;
				ASSETCATALOG_COMPILER_GLOBAL_ACCENT_COLOR_NAME = AccentColor;
				CODE_SIGN_STYLE = Automatic;
				CURRENT_PROJECT_VERSION = 1;
				GENERATE_INFOPLIST_FILE = YES;
				INFOPLIST_FILE = ByteCoin/Applications/Info.plist;
				INFOPLIST_KEY_UIApplicationSupportsIndirectInputEvents = YES;
				INFOPLIST_KEY_UILaunchStoryboardName = LaunchScreen;
				INFOPLIST_KEY_UISupportedInterfaceOrientations_iPad = "UIInterfaceOrientationPortrait UIInterfaceOrientationPortraitUpsideDown UIInterfaceOrientationLandscapeLeft UIInterfaceOrientationLandscapeRight";
				INFOPLIST_KEY_UISupportedInterfaceOrientations_iPhone = "UIInterfaceOrientationPortrait UIInterfaceOrientationLandscapeLeft UIInterfaceOrientationLandscapeRight";
				LD_RUNPATH_SEARCH_PATHS = (
					"$(inherited)",
					"@executable_path/Frameworks",
				);
				MARKETING_VERSION = 1.0;
				PRODUCT_BUNDLE_IDENTIFIER = noone.ByteCoin;
				PRODUCT_NAME = "$(TARGET_NAME)";
				SWIFT_EMIT_LOC_STRINGS = YES;
				SWIFT_VERSION = 5.0;
				TARGETED_DEVICE_FAMILY = "1,2";
			};
			name = Debug;
		};
		542C33D1299FAA4700A3A851 /* Release */ = {
			isa = XCBuildConfiguration;
			buildSettings = {
				ASSETCATALOG_COMPILER_APPICON_NAME = AppIcon;
				ASSETCATALOG_COMPILER_GLOBAL_ACCENT_COLOR_NAME = AccentColor;
				CODE_SIGN_STYLE = Automatic;
				CURRENT_PROJECT_VERSION = 1;
				GENERATE_INFOPLIST_FILE = YES;
				INFOPLIST_FILE = ByteCoin/Applications/Info.plist;
				INFOPLIST_KEY_UIApplicationSupportsIndirectInputEvents = YES;
				INFOPLIST_KEY_UILaunchStoryboardName = LaunchScreen;
				INFOPLIST_KEY_UISupportedInterfaceOrientations_iPad = "UIInterfaceOrientationPortrait UIInterfaceOrientationPortraitUpsideDown UIInterfaceOrientationLandscapeLeft UIInterfaceOrientationLandscapeRight";
				INFOPLIST_KEY_UISupportedInterfaceOrientations_iPhone = "UIInterfaceOrientationPortrait UIInterfaceOrientationLandscapeLeft UIInterfaceOrientationLandscapeRight";
				LD_RUNPATH_SEARCH_PATHS = (
					"$(inherited)",
					"@executable_path/Frameworks",
				);
				MARKETING_VERSION = 1.0;
				PRODUCT_BUNDLE_IDENTIFIER = noone.ByteCoin;
				PRODUCT_NAME = "$(TARGET_NAME)";
				SWIFT_EMIT_LOC_STRINGS = YES;
				SWIFT_VERSION = 5.0;
				TARGETED_DEVICE_FAMILY = "1,2";
			};
			name = Release;
		};
/* End XCBuildConfiguration section */

/* Begin XCConfigurationList section */
		542C33B6299FAA4500A3A851 /* Build configuration list for PBXProject "ByteCoin" */ = {
			isa = XCConfigurationList;
			buildConfigurations = (
				542C33CD299FAA4700A3A851 /* Debug */,
				542C33CE299FAA4700A3A851 /* Release */,
			);
			defaultConfigurationIsVisible = 0;
			defaultConfigurationName = Release;
		};
		542C33CF299FAA4700A3A851 /* Build configuration list for PBXNativeTarget "ByteCoin" */ = {
			isa = XCConfigurationList;
			buildConfigurations = (
				542C33D0299FAA4700A3A851 /* Debug */,
				542C33D1299FAA4700A3A851 /* Release */,
			);
			defaultConfigurationIsVisible = 0;
			defaultConfigurationName = Release;
		};
/* End XCConfigurationList section */
	};
	rootObject = 542C33B3299FAA4500A3A851 /* Project object */;
}
